{
  "name": "@oat-sa/tao",
  "version": "0.1.0",
  "lockfileVersion": 1,
  "requires": true,
  "dependencies": {
    "@oat-sa/tao-core-sdk": {
      "version": "0.1.0",
      "resolved": "https://registry.npmjs.org/@oat-sa/tao-core-sdk/-/tao-core-sdk-0.1.0.tgz",
      "integrity": "sha512-simJ1/2ZAJEfrNrSOYDjaSwyPlWQ+ROacGYLcMcmQKsMwN3QC1MPqGBwquYVyYqGI/hUgl5ZbLGOphdQiMNJnA=="
    }
  }
}
