{
  "name": "@oat-sa/tao",
  "version": "0.1.0",
  "lockfileVersion": 1,
  "requires": true,
  "dependencies": {
    "@babel/polyfill": {
      "version": "7.4.4",
      "resolved": "https://registry.npmjs.org/@babel/polyfill/-/polyfill-7.4.4.tgz",
      "integrity": "sha512-WlthFLfhQQhh+A2Gn5NSFl0Huxz36x86Jn+E9OW7ibK8edKPq+KLy4apM1yDpQ8kJOVi1OVjpP4vSDLdrI04dg==",
      "requires": {
        "core-js": "^2.6.5",
        "regenerator-runtime": "^0.13.2"
      }
    },
    "@oat-sa/tao-core-sdk": {
      "version": "0.2.0",
      "resolved": "https://registry.npmjs.org/@oat-sa/tao-core-sdk/-/tao-core-sdk-0.2.0.tgz",
      "integrity": "sha512-hIfSCLe6Q8O2icu4HdEMKlVxBma/QehKDRGgFFgDy+fbJ+GWc+G9MHR+F9I16/Cbnt1H1fcoYWkAZieX46yPjQ=="
    },
    "@oat-sa/tao-core-ui": {
      "version": "github:oat-sa/tao-core-ui-fe#42d9a898d8244c0a2f4d70743b0233f2cd93337c",
      "from": "github:oat-sa/tao-core-ui-fe#feature/NEX-90_initial-tao-core-ui-extraction"
    },
    "core-js": {
      "version": "2.6.9",
      "resolved": "https://registry.npmjs.org/core-js/-/core-js-2.6.9.tgz",
      "integrity": "sha512-HOpZf6eXmnl7la+cUdMnLvUxKNqLUzJvgIziQ0DiF3JwSImNphIqdGqzj6hIKyX04MmV0poclQ7+wjWvxQyR2A=="
    },
    "regenerator-runtime": {
      "version": "0.13.2",
      "resolved": "https://registry.npmjs.org/regenerator-runtime/-/regenerator-runtime-0.13.2.tgz",
      "integrity": "sha512-S/TQAZJO+D3m9xeN1WTI8dLKBBiRgXBlTJvbWjCThHWZj9EvHK70Ff50/tYj2J/fvBY6JtFVwRuazHN2E7M9BA=="
    }
  }
}
