{
  "name": "@oat-sa/tao",
  "version": "0.1.0",
  "lockfileVersion": 1,
  "requires": true,
  "dependencies": {
    "@oat-sa/tao-core-sdk": {
      "version": "0.1.3",
      "resolved": "https://registry.npmjs.org/@oat-sa/tao-core-sdk/-/tao-core-sdk-0.1.3.tgz",
      "integrity": "sha512-l7xsmJRmsM2Ft2Loc9hDhiDlkKUNB5i1tdQnRNbXv2XKHV0VWo4mfIdpu/+279Lk5o2MJa1OQ5dAvUs3JF6ppg=="
    }
  }
}
