# THIS IS AN AUTOGENERATED FILE. DO NOT EDIT THIS FILE DIRECTLY.
# yarn lockfile v1


"@babel/polyfill@^7.4.4":
  version "7.12.1"
  resolved "https://registry.yarnpkg.com/@babel/polyfill/-/polyfill-7.12.1.tgz#1f2d6371d1261bbd961f3c5d5909150e12d0bd96"
  integrity sha512-X0pi0V6gxLi6lFZpGmeNa4zxtwEmCs42isWLNjZZDE0Y8yVfgu0T2OAHlzBbdYlqbW/YXVvoBHpATEM+goCj8g==
  dependencies:
    core-js "^2.6.5"
    regenerator-runtime "^0.13.4"

"@oat-sa/expr-eval@1.3.0":
  version "1.3.0"
  resolved "https://registry.yarnpkg.com/@oat-sa/expr-eval/-/expr-eval-1.3.0.tgz#c3b8508a52565c7b2e29b9cf7d08ae607422496f"
  integrity sha512-z9ezG0Z+26qaCz3w/sYzN/JyBLmN2xhzCfNihYRA7CMYukEbkeY3/tLknVhwm+rp4584yDDuSHPVMuoYmwZP1A==

"@oat-sa/tao-core-libs@0.4.3":
  version "0.4.3"
  resolved "https://registry.yarnpkg.com/@oat-sa/tao-core-libs/-/tao-core-libs-0.4.3.tgz#25a73d8a3eafc33a4ea7e3599856ff1e38fad716"
  integrity sha512-6H4B5ETIWK011gJIPNxOMP2xIdWLNcTpDRsQvLuHO/716KbGG5PCAFCgQwdhmyIBAx9ApUeTF2ee0Xn6Ds0FAA==

"@oat-sa/tao-core-sdk@^1.12.0":
  version "1.13.0"
  resolved "https://registry.yarnpkg.com/@oat-sa/tao-core-sdk/-/tao-core-sdk-1.13.0.tgz#c0e2e591ff437c0b9945f27e494688d49fd30846"
  integrity sha512-TykNcKRXh0RZyW55SaVsAebWNSxYMjnW6xHOBtaPJyU69SeCXbxxvcFalvDQ3MQk6oLtVDNMecBGeSl6XkgMtw==
  dependencies:
    fastestsmallesttextencoderdecoder "1.0.14"
    idb-wrapper "1.7.0"
    webcrypto-shim "0.1.4"

"@oat-sa/tao-core-shared-libs@git://github.com/oat-sa/tao-core-shared-libs-fe#fix/AUT-444/error-with-image":
  version "1.0.3"
  resolved "git://github.com/oat-sa/tao-core-shared-libs-fe#9c2805ac46d7aae858cef7c0652253070b36f43e"

"@oat-sa/tao-core-ui@git://github.com/oat-sa/tao-core-ui-fe#fix/AUT-444/error-with-image":
  version "1.24.1"
  resolved "git://github.com/oat-sa/tao-core-ui-fe#2c4ef43959b93ff61f2ee85a19a83dbe50ee6ed9"

amdefine@>=0.0.4:
  version "1.0.1"
  resolved "https://registry.yarnpkg.com/amdefine/-/amdefine-1.0.1.tgz#4a5282ac164729e93619bcfd3ad151f817ce91f5"
  integrity sha1-SlKCrBZHKek2Gbz9OtFR+BfOkfU=

async@0.2.10, async@~0.2.6:
  version "0.2.10"
  resolved "https://registry.yarnpkg.com/async/-/async-0.2.10.tgz#b6bbe0b0674b9d719708ca38de8c237cb526c3d1"
  integrity sha1-trvgsGdLnXGXCMo43owjfLUmw9E=

codemirror@^5.54.0:
  version "5.61.1"
  resolved "https://registry.yarnpkg.com/codemirror/-/codemirror-5.61.1.tgz#ccfc8a43b8fcfb8b12e8e75b5ffde48d541406e0"
  integrity sha512-+D1NZjAucuzE93vJGbAaXzvoBHwp9nJZWWWF9utjv25+5AZUiah6CIlfb4ikG4MoDsFsCG8niiJH5++OO2LgIQ==

core-js@^2.6.5:
  version "2.6.12"
  resolved "https://registry.yarnpkg.com/core-js/-/core-js-2.6.12.tgz#d9333dfa7b065e347cc5682219d6f690859cc2ec"
  integrity sha512-Kb2wC0fvsWfQrgk8HU5lW6U/Lcs8+9aaYcy4ZFc6DDlo4nZ7n70dEgE5rtR0oG6ufKDUnrwfWL1mXR5ljDatrQ==

decimal.js@10.1.1:
  version "10.1.1"
  resolved "https://registry.yarnpkg.com/decimal.js/-/decimal.js-10.1.1.tgz#fb541922a2e8fc618f5e6fbb474e281ed3d2a64c"
  integrity sha512-vEEgyk1fWVEnv7lPjkNedAIjzxQDue5Iw4FeX4UkNUDSVyD/jZTD0Bw2kAO7k6iyyJRAhM9oxxI0D1ET6k0Mmg==

dompurify@1.0.11:
  version "1.0.11"
  resolved "https://registry.yarnpkg.com/dompurify/-/dompurify-1.0.11.tgz#fe0f4a40d147f7cebbe31a50a1357539cfc1eb4d"
  integrity sha512-XywCTXZtc/qCX3iprD1pIklRVk/uhl8BKpkTxr+ZyMVUzSUg7wkQXRBp/euJ5J5moa1QvfpvaPQVP71z1O59dQ==

"eve@git://github.com/adobe-webplatform/eve.git#eef80ed":
  version "0.4.1"
  resolved "git://github.com/adobe-webplatform/eve.git#eef80ed8d188423c2272746fb8ae5cc8dad84cb1"

fastestsmallesttextencoderdecoder@1.0.14:
  version "1.0.14"
  resolved "https://registry.yarnpkg.com/fastestsmallesttextencoderdecoder/-/fastestsmallesttextencoderdecoder-1.0.14.tgz#ef5d331ab5aeee83f837187f1571d30f5c365e79"
  integrity sha512-ov+uDh4DMZHpZvcGwlCb9tfntaHwRI7SK+/6XkdXhksZLJcMoTJ20FZx3GvujnsGjMvJVQ71LkduEUEPwX1BvQ==

gamp@0.2.1:
  version "0.2.1"
  resolved "https://registry.yarnpkg.com/gamp/-/gamp-0.2.1.tgz#5f1fcd089def590f964028cdb7e8c2058f6cd089"
  integrity sha1-Xx/NCJ3vWQ+WQCjNt+jCBY9s0Ik=

handlebars@1.3.0:
  version "1.3.0"
  resolved "https://registry.yarnpkg.com/handlebars/-/handlebars-1.3.0.tgz#9e9b130a93e389491322d975cf3ec1818c37ce34"
  integrity sha1-npsTCpPjiUkTItl1zz7BgYw3zjQ=
  dependencies:
    optimist "~0.3"
  optionalDependencies:
    uglify-js "~2.3"

idb-wrapper@1.7.0:
  version "1.7.0"
  resolved "https://registry.yarnpkg.com/idb-wrapper/-/idb-wrapper-1.7.0.tgz#0a7fb2c70e0e177f9118e6473c675356b5e6283e"
  integrity sha1-Cn+yxw4OF3+RGOZHPGdTVrXmKD4=

interactjs@1.3.4:
  version "1.3.4"
  resolved "https://registry.yarnpkg.com/interactjs/-/interactjs-1.3.4.tgz#9d5aa886f8fa03ea2f6c711e688792e3d3bde1ff"
  integrity sha512-AQ2CdPEyHqiEEQ1FFgMBj79UEsU1+rUwSXuhOkflvB65p4iECft28SN/PvhD/Y9OtNge8aH1qTibjAi+RXQMqQ==

jquery@1.9.1:
  version "1.9.1"
  resolved "https://registry.yarnpkg.com/jquery/-/jquery-1.9.1.tgz#e4cd4835faaefbade535857613c0fc3ff2adaf34"
  integrity sha1-5M1INfqu+63lNYV2E8D8P/KtrzQ=

lodash@2.4.1:
  version "2.4.1"
  resolved "https://registry.yarnpkg.com/lodash/-/lodash-2.4.1.tgz#5b7723034dda4d262e5a46fb2c58d7cc22f71420"
  integrity sha1-W3cjA03aTSYuWkb7LFjXzCL3FCA=

moment-timezone@0.5.10:
  version "0.5.10"
  resolved "https://registry.yarnpkg.com/moment-timezone/-/moment-timezone-0.5.10.tgz#3766249c2d317d08f07d896d3033c26f87c4ae2b"
  integrity sha1-N2YknC0xfQjwfYltMDPCb4fEris=
  dependencies:
    moment ">= 2.6.0"

moment@2.11.1:
  version "2.11.1"
  resolved "https://registry.yarnpkg.com/moment/-/moment-2.11.1.tgz#bf4026413640d1b802467cf353607f8464d6af47"
  integrity sha1-v0AmQTZA0bgCRnzzU2B/hGTWr0c=

"moment@>= 2.6.0":
  version "2.29.1"
  resolved "https://registry.yarnpkg.com/moment/-/moment-2.29.1.tgz#b2be769fa31940be9eeea6469c075e35006fa3d3"
  integrity sha512-kHmoybcPV8Sqy59DwNDY3Jefr64lK/by/da0ViFcuA4DH0vQg5Q6Ze5VimxkfQNSC+Mls/Kx53s7TjP1RhFEDQ==

optimist@~0.3, optimist@~0.3.5:
  version "0.3.7"
  resolved "https://registry.yarnpkg.com/optimist/-/optimist-0.3.7.tgz#c90941ad59e4273328923074d2cf2e7cbc6ec0d9"
  integrity sha1-yQlBrVnkJzMokjB00s8ufLxuwNk=
  dependencies:
    wordwrap "~0.0.2"

popper.js@1.15.0:
  version "1.15.0"
  resolved "https://registry.yarnpkg.com/popper.js/-/popper.js-1.15.0.tgz#5560b99bbad7647e9faa475c6b8056621f5a4ff2"
  integrity sha512-w010cY1oCUmI+9KwwlWki+r5jxKfTFDVoadl7MSrIujHU5MJ5OR6HTDj6Xo8aoR/QsA56x8jKjA59qGH4ELtrA==

popper.js@^1.0.2:
  version "1.16.1"
  resolved "https://registry.yarnpkg.com/popper.js/-/popper.js-1.16.1.tgz#2a223cb3dc7b6213d740e40372be40de43e65b1b"
  integrity sha512-Wb4p1J4zyFTbM+u6WuO4XstYx4Ky9Cewe4DWrel7B0w6VVICvPwdOpotjzcf6eD8TsckVnIMNONQyPIUFOUbCQ==

raphael@2.2.0:
  version "2.2.0"
  resolved "https://registry.yarnpkg.com/raphael/-/raphael-2.2.0.tgz#a9d84f263ec8fe86d2e16cc2cf7ea9abc200d61a"
  integrity sha1-qdhPJj7I/obS4WzCz36pq8IA1ho=
  dependencies:
    eve "git://github.com/adobe-webplatform/eve.git#eef80ed"

regenerator-runtime@^0.13.4:
  version "0.13.7"
  resolved "https://registry.yarnpkg.com/regenerator-runtime/-/regenerator-runtime-0.13.7.tgz#cac2dacc8a1ea675feaabaeb8ae833898ae46f55"
  integrity sha512-a54FxoJDIr27pgf7IgeQGxmqUNYrcV338lf/6gH456HZ/PhX+5BcwHXG9ajESmwe6WRO0tAzRUrRmNONWgkrew==

select2@3.5.1:
  version "3.5.1"
  resolved "https://registry.yarnpkg.com/select2/-/select2-3.5.1.tgz#f2819489bbc65fd6d328be72bbe2b95dd7e87cfe"
  integrity sha1-8oGUibvGX9bTKL5yu+K5XdfofP4=

source-map@~0.1.7:
  version "0.1.43"
  resolved "https://registry.yarnpkg.com/source-map/-/source-map-0.1.43.tgz#c24bc146ca517c1471f5dacbe2571b2b7f9e3346"
  integrity sha1-wkvBRspRfBRx9drL4lcbK3+eM0Y=
  dependencies:
    amdefine ">=0.0.4"

tooltip.js@1.3.2:
  version "1.3.2"
  resolved "https://registry.yarnpkg.com/tooltip.js/-/tooltip.js-1.3.2.tgz#ccfe450ffd7332ce5f254033778649526c1db542"
  integrity sha512-DeDr9JxYx/lSvQ53ZCRFLxXrmrSyU3fLz6k+ITUTw69AIYtpWij/NmOJQscJ7BwY5lcEwWJWSfqqQWVvTMYZiw==
  dependencies:
    popper.js "^1.0.2"

uglify-js@~2.3:
  version "2.3.6"
  resolved "https://registry.yarnpkg.com/uglify-js/-/uglify-js-2.3.6.tgz#fa0984770b428b7a9b2a8058f46355d14fef211a"
  integrity sha1-+gmEdwtCi3qbKoBY9GNV0U/vIRo=
  dependencies:
    async "~0.2.6"
    optimist "~0.3.5"
    source-map "~0.1.7"

url-polyfill@1.1.12:
  version "1.1.12"
  resolved "https://registry.yarnpkg.com/url-polyfill/-/url-polyfill-1.1.12.tgz#6cdaa17f6b022841b3aec0bf8dbd87ac0cd33331"
  integrity sha512-mYFmBHCapZjtcNHW0MDq9967t+z4Dmg5CJ0KqysK3+ZbyoNOWQHksGCTWwDhxGXllkWlOc10Xfko6v4a3ucM6A==

webcrypto-shim@0.1.4:
  version "0.1.4"
  resolved "https://registry.yarnpkg.com/webcrypto-shim/-/webcrypto-shim-0.1.4.tgz#b40ef59d042822269dd83c1462da1df4369834fb"
  integrity sha512-I2lnL+K2oPNE9ryVHwo42oDnt8XQ9E1KKMGCmcT7OXaAKPmUeCi/G0nUgLR6M6Ztj05ZCxLMGf5bXNaSo+wURg==

wordwrap@~0.0.2:
  version "0.0.3"
  resolved "https://registry.yarnpkg.com/wordwrap/-/wordwrap-0.0.3.tgz#a3d5da6cd5c0bc0008d37234bbaf1bed63059107"
  integrity sha1-o9XabNXAvAAI03I0u68b7WMFkQc=
